
Microsoft Visual Studio Solution File, Format Version 12.00
# Visual Studio 15
VisualStudioVersion = 15.0.27130.2036
MinimumVisualStudioVersion = 10.0.40219.1
Project("{FAE04EC0-301F-11D3-BF4B-00C04F79EFBC}") = "UNITOFWORK AND REPOSITORY PATTERN", "UNITOFWORK AND REPOSITORY PATTERN\UNITOFWORK AND REPOSITORY PATTERN.csproj", "{22E7E2A0-0C8E-4E00-8580-E74D736C0170}"
EndProject
Global
	GlobalSection(SolutionConfigurationPlatforms) = preSolution
		Debug|Any CPU = Debug|Any CPU
		Release|Any CPU = Release|Any CPU
	EndGlobalSection
	GlobalSection(ProjectConfigurationPlatforms) = postSolution
		{22E7E2A0-0C8E-4E00-8580-E74D736C0170}.Debug|Any CPU.ActiveCfg = Debug|Any CPU
		{22E7E2A0-0C8E-4E00-8580-E74D736C0170}.Debug|Any CPU.Build.0 = Debug|Any CPU
		{22E7E2A0-0C8E-4E00-8580-E74D736C0170}.Release|Any CPU.ActiveCfg = Release|Any CPU
		{22E7E2A0-0C8E-4E00-8580-E74D736C0170}.Release|Any CPU.Build.0 = Release|Any CPU
	EndGlobalSection
	GlobalSection(SolutionProperties) = preSolution
		HideSolutionNode = FALSE
	EndGlobalSection
	GlobalSection(ExtensibilityGlobals) = postSolution
		SolutionGuid = {0F221E3A-B107-4B44-9900-A36AEF00B5F7}
	EndGlobalSection
EndGlobal
